
Microsoft Visual Studio Solution File, Format Version 12.00
# Visual Studio 2013
VisualStudioVersion = 12.0.30501.0
MinimumVisualStudioVersion = 10.0.40219.1
Project("{FAE04EC0-301F-11D3-BF4B-00C04F79EFBC}") = "ProjInzynierski", "ProjInzynierski\ProjInzynierski.csproj", "{1A94D7B9-9C90-4210-A8AE-94976625F4A2}"
EndProject
Project("{FAE04EC0-301F-11D3-BF4B-00C04F79EFBC}") = "LoginService", "LoginService\LoginService.csproj", "{DCA6BB28-0D88-4771-8DFE-5AC23FF64060}"
EndProject
Project("{FAE04EC0-301F-11D3-BF4B-00C04F79EFBC}") = "DboActivity.Dialog", "DboActivity.Dialog\DboActivity.Dialog.csproj", "{046FF2F3-A2B6-49AC-AF09-DC33E68F7A32}"
EndProject
Project("{FAE04EC0-301F-11D3-BF4B-00C04F79EFBC}") = "InsertDialog", "InsertDialog\InsertDialog.csproj", "{667AE82D-B02A-4730-BF75-DFD60C384164}"
EndProject
Project("{FAE04EC0-301F-11D3-BF4B-00C04F79EFBC}") = "BrowserWindow", "BrowserWindow\BrowserWindow.csproj", "{98076D3F-67AA-4572-8F0A-6D03C50977AE}"
EndProject
Project("{FAE04EC0-301F-11D3-BF4B-00C04F79EFBC}") = "ModifyDialog", "ModifyDialog\ModifyDialog.csproj", "{BCED831C-D81A-4722-B909-CC2FCE65BBC9}"
EndProject
Project("{FAE04EC0-301F-11D3-BF4B-00C04F79EFBC}") = "AddMariage", "AddMariage\AddMariage.csproj", "{7B1C198E-3645-488C-8475-9267A7F2915E}"
EndProject
Global
	GlobalSection(SolutionConfigurationPlatforms) = preSolution
		Debug|Any CPU = Debug|Any CPU
		Release|Any CPU = Release|Any CPU
	EndGlobalSection
	GlobalSection(ProjectConfigurationPlatforms) = postSolution
		{1A94D7B9-9C90-4210-A8AE-94976625F4A2}.Debug|Any CPU.ActiveCfg = Debug|Any CPU
		{1A94D7B9-9C90-4210-A8AE-94976625F4A2}.Debug|Any CPU.Build.0 = Debug|Any CPU
		{1A94D7B9-9C90-4210-A8AE-94976625F4A2}.Release|Any CPU.ActiveCfg = Release|Any CPU
		{1A94D7B9-9C90-4210-A8AE-94976625F4A2}.Release|Any CPU.Build.0 = Release|Any CPU
		{DCA6BB28-0D88-4771-8DFE-5AC23FF64060}.Debug|Any CPU.ActiveCfg = Debug|Any CPU
		{DCA6BB28-0D88-4771-8DFE-5AC23FF64060}.Debug|Any CPU.Build.0 = Debug|Any CPU
		{DCA6BB28-0D88-4771-8DFE-5AC23FF64060}.Release|Any CPU.ActiveCfg = Release|Any CPU
		{DCA6BB28-0D88-4771-8DFE-5AC23FF64060}.Release|Any CPU.Build.0 = Release|Any CPU
		{046FF2F3-A2B6-49AC-AF09-DC33E68F7A32}.Debug|Any CPU.ActiveCfg = Debug|Any CPU
		{046FF2F3-A2B6-49AC-AF09-DC33E68F7A32}.Debug|Any CPU.Build.0 = Debug|Any CPU
		{046FF2F3-A2B6-49AC-AF09-DC33E68F7A32}.Release|Any CPU.ActiveCfg = Release|Any CPU
		{046FF2F3-A2B6-49AC-AF09-DC33E68F7A32}.Release|Any CPU.Build.0 = Release|Any CPU
		{667AE82D-B02A-4730-BF75-DFD60C384164}.Debug|Any CPU.ActiveCfg = Debug|Any CPU
		{667AE82D-B02A-4730-BF75-DFD60C384164}.Debug|Any CPU.Build.0 = Debug|Any CPU
		{667AE82D-B02A-4730-BF75-DFD60C384164}.Release|Any CPU.ActiveCfg = Release|Any CPU
		{667AE82D-B02A-4730-BF75-DFD60C384164}.Release|Any CPU.Build.0 = Release|Any CPU
		{98076D3F-67AA-4572-8F0A-6D03C50977AE}.Debug|Any CPU.ActiveCfg = Debug|Any CPU
		{98076D3F-67AA-4572-8F0A-6D03C50977AE}.Debug|Any CPU.Build.0 = Debug|Any CPU
		{98076D3F-67AA-4572-8F0A-6D03C50977AE}.Release|Any CPU.ActiveCfg = Release|Any CPU
		{98076D3F-67AA-4572-8F0A-6D03C50977AE}.Release|Any CPU.Build.0 = Release|Any CPU
		{BCED831C-D81A-4722-B909-CC2FCE65BBC9}.Debug|Any CPU.ActiveCfg = Debug|Any CPU
		{BCED831C-D81A-4722-B909-CC2FCE65BBC9}.Debug|Any CPU.Build.0 = Debug|Any CPU
		{BCED831C-D81A-4722-B909-CC2FCE65BBC9}.Release|Any CPU.ActiveCfg = Release|Any CPU
		{BCED831C-D81A-4722-B909-CC2FCE65BBC9}.Release|Any CPU.Build.0 = Release|Any CPU
		{7B1C198E-3645-488C-8475-9267A7F2915E}.Debug|Any CPU.ActiveCfg = Debug|Any CPU
		{7B1C198E-3645-488C-8475-9267A7F2915E}.Debug|Any CPU.Build.0 = Debug|Any CPU
		{7B1C198E-3645-488C-8475-9267A7F2915E}.Release|Any CPU.ActiveCfg = Release|Any CPU
		{7B1C198E-3645-488C-8475-9267A7F2915E}.Release|Any CPU.Build.0 = Release|Any CPU
	EndGlobalSection
	GlobalSection(SolutionProperties) = preSolution
		HideSolutionNode = FALSE
	EndGlobalSection
EndGlobal
